
Microsoft Visual Studio Solution File, Format Version 12.00
# Visual Studio Version 17
VisualStudioVersion = 17.8.34309.116
MinimumVisualStudioVersion = 10.0.40219.1
Project("{FAE04EC0-301F-11D3-BF4B-00C04F79EFBC}") = "TaskTally", "TaskTally\TaskTally.csproj", "{E60EB78F-1482-4AAA-9A3C-D39D4B5A2887}"
EndProject
Global
	GlobalSection(SolutionConfigurationPlatforms) = preSolution
		Debug|Any CPU = Debug|Any CPU
		Release|Any CPU = Release|Any CPU
	EndGlobalSection
	GlobalSection(ProjectConfigurationPlatforms) = postSolution
		{E60EB78F-1482-4AAA-9A3C-D39D4B5A2887}.Debug|Any CPU.ActiveCfg = Debug|Any CPU
		{E60EB78F-1482-4AAA-9A3C-D39D4B5A2887}.Debug|Any CPU.Build.0 = Debug|Any CPU
		{E60EB78F-1482-4AAA-9A3C-D39D4B5A2887}.Release|Any CPU.ActiveCfg = Release|Any CPU
		{E60EB78F-1482-4AAA-9A3C-D39D4B5A2887}.Release|Any CPU.Build.0 = Release|Any CPU
	EndGlobalSection
	GlobalSection(SolutionProperties) = preSolution
		HideSolutionNode = FALSE
	EndGlobalSection
	GlobalSection(ExtensibilityGlobals) = postSolution
		SolutionGuid = {48F1E304-96B8-44D0-9EA4-A1DD4D607822}
	EndGlobalSection
EndGlobal
